
Microsoft Visual Studio Solution File, Format Version 12.00
# Visual Studio Version 17
VisualStudioVersion = 17.2.32516.85
MinimumVisualStudioVersion = 10.0.40219.1
Project("{FAE04EC0-301F-11D3-BF4B-00C04F79EFBC}") = "ide-metodos-computacionales", "ide-metodos-computacionales\ide-metodos-computacionales.csproj", "{D029D3E6-F0D0-4351-80EC-59587860FAC1}"
EndProject
Global
	GlobalSection(SolutionConfigurationPlatforms) = preSolution
		Debug|Any CPU = Debug|Any CPU
		Release|Any CPU = Release|Any CPU
	EndGlobalSection
	GlobalSection(ProjectConfigurationPlatforms) = postSolution
		{D029D3E6-F0D0-4351-80EC-59587860FAC1}.Debug|Any CPU.ActiveCfg = Debug|Any CPU
		{D029D3E6-F0D0-4351-80EC-59587860FAC1}.Debug|Any CPU.Build.0 = Debug|Any CPU
		{D029D3E6-F0D0-4351-80EC-59587860FAC1}.Release|Any CPU.ActiveCfg = Release|Any CPU
		{D029D3E6-F0D0-4351-80EC-59587860FAC1}.Release|Any CPU.Build.0 = Release|Any CPU
	EndGlobalSection
	GlobalSection(SolutionProperties) = preSolution
		HideSolutionNode = FALSE
	EndGlobalSection
	GlobalSection(ExtensibilityGlobals) = postSolution
		SolutionGuid = {415EA710-0B05-450D-884F-C2B52252F052}
	EndGlobalSection
EndGlobal
